// !$*UTF8*$!
{
	archiveVersion = 1;
	classes = {
	};
	objectVersion = 56;
	objects = {

/* Begin PBXBuildFile section */
		0C74D99A2C6F36F500DFC854 /* SnackBar.framework in Frameworks */ = {isa = PBXBuildFile; fileRef = 0C74D9912C6F36F500DFC854 /* SnackBar.framework */; };
		0C74D99F2C6F36F500DFC854 /* SnackBarTests.swift in Sources */ = {isa = PBXBuildFile; fileRef = 0C74D99E2C6F36F500DFC854 /* SnackBarTests.swift */; };
		0C74D9A02C6F36F500DFC854 /* SnackBar.h in Headers */ = {isa = PBXBuildFile; fileRef = 0C74D9942C6F36F500DFC854 /* SnackBar.h */; settings = {ATTRIBUTES = (Public, ); }; };
		0C74D9AA2C6F374F00DFC854 /* SnackBarView.swift in Sources */ = {isa = PBXBuildFile; fileRef = 0C74D9A92C6F374F00DFC854 /* SnackBarView.swift */; };
		0C8BADAF2C747C1A006478C4 /* SnackBarModifier.swift in Sources */ = {isa = PBXBuildFile; fileRef = 0C8BADAE2C747C1A006478C4 /* SnackBarModifier.swift */; };
		0C8BADB92C747D55006478C4 /* View+Extension.swift in Sources */ = {isa = PBXBuildFile; fileRef = 0C8BADB82C747D55006478C4 /* View+Extension.swift */; };
		0C8BADBB2C748F1A006478C4 /* ContainerModifier.swift in Sources */ = {isa = PBXBuildFile; fileRef = 0C8BADBA2C748F1A006478C4 /* ContainerModifier.swift */; };
		0CC996F42C76C3FA00597228 /* SafeAreaReader.swift in Sources */ = {isa = PBXBuildFile; fileRef = 0CC996F32C76C3FA00597228 /* SafeAreaReader.swift */; };
		0CC996F62C76C88B00597228 /* FrameReader.swift in Sources */ = {isa = PBXBuildFile; fileRef = 0CC996F52C76C88B00597228 /* FrameReader.swift */; };
		0CC996F82C76C92F00597228 /* CGPoint+Extension.swift in Sources */ = {isa = PBXBuildFile; fileRef = 0CC996F72C76C92F00597228 /* CGPoint+Extension.swift */; };
		0CC996FA2C76CC2900597228 /* UIApplication+Extension.swift in Sources */ = {isa = PBXBuildFile; fileRef = 0CC996F92C76CC2900597228 /* UIApplication+Extension.swift */; };
		0CC996FC2C77129A00597228 /* ClassReference.swift in Sources */ = {isa = PBXBuildFile; fileRef = 0CC996FB2C77129A00597228 /* ClassReference.swift */; };
		0CC996FE2C781C3300597228 /* DispatchWorkItemHolder.swift in Sources */ = {isa = PBXBuildFile; fileRef = 0CC996FD2C781C3300597228 /* DispatchWorkItemHolder.swift */; };
/* End PBXBuildFile section */

/* Begin PBXContainerItemProxy section */
		0C74D99B2C6F36F500DFC854 /* PBXContainerItemProxy */ = {
			isa = PBXContainerItemProxy;
			containerPortal = 0C74D9882C6F36F500DFC854 /* Project object */;
			proxyType = 1;
			remoteGlobalIDString = 0C74D9902C6F36F500DFC854;
			remoteInfo = SnackBar;
		};
/* End PBXContainerItemProxy section */

/* Begin PBXFileReference section */
		0C74D9912C6F36F500DFC854 /* SnackBar.framework */ = {isa = PBXFileReference; explicitFileType = wrapper.framework; includeInIndex = 0; path = SnackBar.framework; sourceTree = BUILT_PRODUCTS_DIR; };
		0C74D9942C6F36F500DFC854 /* SnackBar.h */ = {isa = PBXFileReference; lastKnownFileType = sourcecode.c.h; path = SnackBar.h; sourceTree = "<group>"; };
		0C74D9992C6F36F500DFC854 /* SnackBarTests.xctest */ = {isa = PBXFileReference; explicitFileType = wrapper.cfbundle; includeInIndex = 0; path = SnackBarTests.xctest; sourceTree = BUILT_PRODUCTS_DIR; };
		0C74D99E2C6F36F500DFC854 /* SnackBarTests.swift */ = {isa = PBXFileReference; lastKnownFileType = sourcecode.swift; path = SnackBarTests.swift; sourceTree = "<group>"; };
		0C74D9A92C6F374F00DFC854 /* SnackBarView.swift */ = {isa = PBXFileReference; lastKnownFileType = sourcecode.swift; path = SnackBarView.swift; sourceTree = "<group>"; };
		0C8BADAE2C747C1A006478C4 /* SnackBarModifier.swift */ = {isa = PBXFileReference; lastKnownFileType = sourcecode.swift; path = SnackBarModifier.swift; sourceTree = "<group>"; };
		0C8BADB82C747D55006478C4 /* View+Extension.swift */ = {isa = PBXFileReference; lastKnownFileType = sourcecode.swift; path = "View+Extension.swift"; sourceTree = "<group>"; };
		0C8BADBA2C748F1A006478C4 /* ContainerModifier.swift */ = {isa = PBXFileReference; lastKnownFileType = sourcecode.swift; path = ContainerModifier.swift; sourceTree = "<group>"; };
		0CC996F32C76C3FA00597228 /* SafeAreaReader.swift */ = {isa = PBXFileReference; lastKnownFileType = sourcecode.swift; path = SafeAreaReader.swift; sourceTree = "<group>"; };
		0CC996F52C76C88B00597228 /* FrameReader.swift */ = {isa = PBXFileReference; lastKnownFileType = sourcecode.swift; path = FrameReader.swift; sourceTree = "<group>"; };
		0CC996F72C76C92F00597228 /* CGPoint+Extension.swift */ = {isa = PBXFileReference; lastKnownFileType = sourcecode.swift; path = "CGPoint+Extension.swift"; sourceTree = "<group>"; };
		0CC996F92C76CC2900597228 /* UIApplication+Extension.swift */ = {isa = PBXFileReference; lastKnownFileType = sourcecode.swift; path = "UIApplication+Extension.swift"; sourceTree = "<group>"; };
		0CC996FB2C77129A00597228 /* ClassReference.swift */ = {isa = PBXFileReference; lastKnownFileType = sourcecode.swift; path = ClassReference.swift; sourceTree = "<group>"; };
		0CC996FD2C781C3300597228 /* DispatchWorkItemHolder.swift */ = {isa = PBXFileReference; lastKnownFileType = sourcecode.swift; path = DispatchWorkItemHolder.swift; sourceTree = "<group>"; };
/* End PBXFileReference section */

/* Begin PBXFrameworksBuildPhase section */
		0C74D98E2C6F36F500DFC854 /* Frameworks */ = {
			isa = PBXFrameworksBuildPhase;
			buildActionMask = 2147483647;
			files = (
			);
			runOnlyForDeploymentPostprocessing = 0;
		};
		0C74D9962C6F36F500DFC854 /* Frameworks */ = {
			isa = PBXFrameworksBuildPhase;
			buildActionMask = 2147483647;
			files = (
				0C74D99A2C6F36F500DFC854 /* SnackBar.framework in Frameworks */,
			);
			runOnlyForDeploymentPostprocessing = 0;
		};
/* End PBXFrameworksBuildPhase section */

/* Begin PBXGroup section */
		0C74D9872C6F36F500DFC854 = {
			isa = PBXGroup;
			children = (
				0C74D9932C6F36F500DFC854 /* SnackBar */,
				0C74D99D2C6F36F500DFC854 /* SnackBarTests */,
				0C74D9922C6F36F500DFC854 /* Products */,
			);
			sourceTree = "<group>";
		};
		0C74D9922C6F36F500DFC854 /* Products */ = {
			isa = PBXGroup;
			children = (
				0C74D9912C6F36F500DFC854 /* SnackBar.framework */,
				0C74D9992C6F36F500DFC854 /* SnackBarTests.xctest */,
			);
			name = Products;
			sourceTree = "<group>";
		};
		0C74D9932C6F36F500DFC854 /* SnackBar */ = {
			isa = PBXGroup;
			children = (
				0C8BADB72C747D48006478C4 /* Helpers */,
				0C74D9942C6F36F500DFC854 /* SnackBar.h */,
				0C74D9A92C6F374F00DFC854 /* SnackBarView.swift */,
				0C8BADAE2C747C1A006478C4 /* SnackBarModifier.swift */,
				0C8BADBA2C748F1A006478C4 /* ContainerModifier.swift */,
			);
			path = SnackBar;
			sourceTree = "<group>";
		};
		0C74D99D2C6F36F500DFC854 /* SnackBarTests */ = {
			isa = PBXGroup;
			children = (
				0C74D99E2C6F36F500DFC854 /* SnackBarTests.swift */,
			);
			path = SnackBarTests;
			sourceTree = "<group>";
		};
		0C8BADB72C747D48006478C4 /* Helpers */ = {
			isa = PBXGroup;
			children = (
				0C8BADB82C747D55006478C4 /* View+Extension.swift */,
				0CC996F32C76C3FA00597228 /* SafeAreaReader.swift */,
				0CC996F52C76C88B00597228 /* FrameReader.swift */,
				0CC996F72C76C92F00597228 /* CGPoint+Extension.swift */,
				0CC996F92C76CC2900597228 /* UIApplication+Extension.swift */,
				0CC996FB2C77129A00597228 /* ClassReference.swift */,
				0CC996FD2C781C3300597228 /* DispatchWorkItemHolder.swift */,
			);
			path = Helpers;
			sourceTree = "<group>";
		};
/* End PBXGroup section */

/* Begin PBXHeadersBuildPhase section */
		0C74D98C2C6F36F500DFC854 /* Headers */ = {
			isa = PBXHeadersBuildPhase;
			buildActionMask = 2147483647;
			files = (
				0C74D9A02C6F36F500DFC854 /* SnackBar.h in Headers */,
			);
			runOnlyForDeploymentPostprocessing = 0;
		};
/* End PBXHeadersBuildPhase section */

/* Begin PBXNativeTarget section */
		0C74D9902C6F36F500DFC854 /* SnackBar */ = {
			isa = PBXNativeTarget;
			buildConfigurationList = 0C74D9A32C6F36F500DFC854 /* Build configuration list for PBXNativeTarget "SnackBar" */;
			buildPhases = (
				0C74D98C2C6F36F500DFC854 /* Headers */,
				0C74D98D2C6F36F500DFC854 /* Sources */,
				0C74D98E2C6F36F500DFC854 /* Frameworks */,
				0C74D98F2C6F36F500DFC854 /* Resources */,
			);
			buildRules = (
			);
			dependencies = (
			);
			name = SnackBar;
			productName = SnackBar;
			productReference = 0C74D9912C6F36F500DFC854 /* SnackBar.framework */;
			productType = "com.apple.product-type.framework";
		};
		0C74D9982C6F36F500DFC854 /* SnackBarTests */ = {
			isa = PBXNativeTarget;
			buildConfigurationList = 0C74D9A62C6F36F500DFC854 /* Build configuration list for PBXNativeTarget "SnackBarTests" */;
			buildPhases = (
				0C74D9952C6F36F500DFC854 /* Sources */,
				0C74D9962C6F36F500DFC854 /* Frameworks */,
				0C74D9972C6F36F500DFC854 /* Resources */,
			);
			buildRules = (
			);
			dependencies = (
				0C74D99C2C6F36F500DFC854 /* PBXTargetDependency */,
			);
			name = SnackBarTests;
			productName = SnackBarTests;
			productReference = 0C74D9992C6F36F500DFC854 /* SnackBarTests.xctest */;
			productType = "com.apple.product-type.bundle.unit-test";
		};
/* End PBXNativeTarget section */

/* Begin PBXProject section */
		0C74D9882C6F36F500DFC854 /* Project object */ = {
			isa = PBXProject;
			attributes = {
				BuildIndependentTargetsInParallel = 1;
				LastSwiftUpdateCheck = 1530;
				LastUpgradeCheck = 1530;
				TargetAttributes = {
					0C74D9902C6F36F500DFC854 = {
						CreatedOnToolsVersion = 15.3;
						LastSwiftMigration = 1530;
					};
					0C74D9982C6F36F500DFC854 = {
						CreatedOnToolsVersion = 15.3;
					};
				};
			};
			buildConfigurationList = 0C74D98B2C6F36F500DFC854 /* Build configuration list for PBXProject "SnackBar" */;
			compatibilityVersion = "Xcode 14.0";
			developmentRegion = en;
			hasScannedForEncodings = 0;
			knownRegions = (
				en,
				Base,
			);
			mainGroup = 0C74D9872C6F36F500DFC854;
			productRefGroup = 0C74D9922C6F36F500DFC854 /* Products */;
			projectDirPath = "";
			projectRoot = "";
			targets = (
				0C74D9902C6F36F500DFC854 /* SnackBar */,
				0C74D9982C6F36F500DFC854 /* SnackBarTests */,
			);
		};
/* End PBXProject section */

/* Begin PBXResourcesBuildPhase section */
		0C74D98F2C6F36F500DFC854 /* Resources */ = {
			isa = PBXResourcesBuildPhase;
			buildActionMask = 2147483647;
			files = (
			);
			runOnlyForDeploymentPostprocessing = 0;
		};
		0C74D9972C6F36F500DFC854 /* Resources */ = {
			isa = PBXResourcesBuildPhase;
			buildActionMask = 2147483647;
			files = (
			);
			runOnlyForDeploymentPostprocessing = 0;
		};
/* End PBXResourcesBuildPhase section */

/* Begin PBXSourcesBuildPhase section */
		0C74D98D2C6F36F500DFC854 /* Sources */ = {
			isa = PBXSourcesBuildPhase;
			buildActionMask = 2147483647;
			files = (
				0C74D9AA2C6F374F00DFC854 /* SnackBarView.swift in Sources */,
				0C8BADBB2C748F1A006478C4 /* ContainerModifier.swift in Sources */,
				0C8BADB92C747D55006478C4 /* View+Extension.swift in Sources */,
				0CC996F62C76C88B00597228 /* FrameReader.swift in Sources */,
				0CC996FA2C76CC2900597228 /* UIApplication+Extension.swift in Sources */,
				0CC996FE2C781C3300597228 /* DispatchWorkItemHolder.swift in Sources */,
				0C8BADAF2C747C1A006478C4 /* SnackBarModifier.swift in Sources */,
				0CC996F42C76C3FA00597228 /* SafeAreaReader.swift in Sources */,
				0CC996F82C76C92F00597228 /* CGPoint+Extension.swift in Sources */,
				0CC996FC2C77129A00597228 /* ClassReference.swift in Sources */,
			);
			runOnlyForDeploymentPostprocessing = 0;
		};
		0C74D9952C6F36F500DFC854 /* Sources */ = {
			isa = PBXSourcesBuildPhase;
			buildActionMask = 2147483647;
			files = (
				0C74D99F2C6F36F500DFC854 /* SnackBarTests.swift in Sources */,
			);
			runOnlyForDeploymentPostprocessing = 0;
		};
/* End PBXSourcesBuildPhase section */

/* Begin PBXTargetDependency section */
		0C74D99C2C6F36F500DFC854 /* PBXTargetDependency */ = {
			isa = PBXTargetDependency;
			target = 0C74D9902C6F36F500DFC854 /* SnackBar */;
			targetProxy = 0C74D99B2C6F36F500DFC854 /* PBXContainerItemProxy */;
		};
/* End PBXTargetDependency section */

/* Begin XCBuildConfiguration section */
		0C74D9A12C6F36F500DFC854 /* Debug */ = {
			isa = XCBuildConfiguration;
			buildSettings = {
				ALWAYS_SEARCH_USER_PATHS = NO;
				ASSETCATALOG_COMPILER_GENERATE_SWIFT_ASSET_SYMBOL_EXTENSIONS = YES;
				CLANG_ANALYZER_NONNULL = YES;
				CLANG_ANALYZER_NUMBER_OBJECT_CONVERSION = YES_AGGRESSIVE;
				CLANG_CXX_LANGUAGE_STANDARD = "gnu++20";
				CLANG_ENABLE_MODULES = YES;
				CLANG_ENABLE_OBJC_ARC = YES;
				CLANG_ENABLE_OBJC_WEAK = YES;
				CLANG_WARN_BLOCK_CAPTURE_AUTORELEASING = YES;
				CLANG_WARN_BOOL_CONVERSION = YES;
				CLANG_WARN_COMMA = YES;
				CLANG_WARN_CONSTANT_CONVERSION = YES;
				CLANG_WARN_DEPRECATED_OBJC_IMPLEMENTATIONS = YES;
				CLANG_WARN_DIRECT_OBJC_ISA_USAGE = YES_ERROR;
				CLANG_WARN_DOCUMENTATION_COMMENTS = YES;
				CLANG_WARN_EMPTY_BODY = YES;
				CLANG_WARN_ENUM_CONVERSION = YES;
				CLANG_WARN_INFINITE_RECURSION = YES;
				CLANG_WARN_INT_CONVERSION = YES;
				CLANG_WARN_NON_LITERAL_NULL_CONVERSION = YES;
				CLANG_WARN_OBJC_IMPLICIT_RETAIN_SELF = YES;
				CLANG_WARN_OBJC_LITERAL_CONVERSION = YES;
				CLANG_WARN_OBJC_ROOT_CLASS = YES_ERROR;
				CLANG_WARN_QUOTED_INCLUDE_IN_FRAMEWORK_HEADER = YES;
				CLANG_WARN_RANGE_LOOP_ANALYSIS = YES;
				CLANG_WARN_STRICT_PROTOTYPES = YES;
				CLANG_WARN_SUSPICIOUS_MOVE = YES;
				CLANG_WARN_UNGUARDED_AVAILABILITY = YES_AGGRESSIVE;
				CLANG_WARN_UNREACHABLE_CODE = YES;
				CLANG_WARN__DUPLICATE_METHOD_MATCH = YES;
				COPY_PHASE_STRIP = NO;
				CURRENT_PROJECT_VERSION = 1;
				DEBUG_INFORMATION_FORMAT = dwarf;
				ENABLE_STRICT_OBJC_MSGSEND = YES;
				ENABLE_TESTABILITY = YES;
				ENABLE_USER_SCRIPT_SANDBOXING = YES;
				GCC_C_LANGUAGE_STANDARD = gnu17;
				GCC_DYNAMIC_NO_PIC = NO;
				GCC_NO_COMMON_BLOCKS = YES;
				GCC_OPTIMIZATION_LEVEL = 0;
				GCC_PREPROCESSOR_DEFINITIONS = (
					"DEBUG=1",
					"$(inherited)",
				);
				GCC_WARN_64_TO_32_BIT_CONVERSION = YES;
				GCC_WARN_ABOUT_RETURN_TYPE = YES_ERROR;
				GCC_WARN_UNDECLARED_SELECTOR = YES;
				GCC_WARN_UNINITIALIZED_AUTOS = YES_AGGRESSIVE;
				GCC_WARN_UNUSED_FUNCTION = YES;
				GCC_WARN_UNUSED_VARIABLE = YES;
				IPHONEOS_DEPLOYMENT_TARGET = 15.0;
				LOCALIZATION_PREFERS_STRING_CATALOGS = YES;
				MACOSX_DEPLOYMENT_TARGET = 15.0;
				MTL_ENABLE_DEBUG_INFO = INCLUDE_SOURCE;
				MTL_FAST_MATH = YES;
				ONLY_ACTIVE_ARCH = YES;
				SWIFT_ACTIVE_COMPILATION_CONDITIONS = "DEBUG $(inherited)";
				SWIFT_OPTIMIZATION_LEVEL = "-Onone";
				VERSIONING_SYSTEM = "apple-generic";
				VERSION_INFO_PREFIX = "";
			};
			name = Debug;
		};
		0C74D9A22C6F36F500DFC854 /* Release */ = {
			isa = XCBuildConfiguration;
			buildSettings = {
				ALWAYS_SEARCH_USER_PATHS = NO;
				ASSETCATALOG_COMPILER_GENERATE_SWIFT_ASSET_SYMBOL_EXTENSIONS = YES;
				CLANG_ANALYZER_NONNULL = YES;
				CLANG_ANALYZER_NUMBER_OBJECT_CONVERSION = YES_AGGRESSIVE;
				CLANG_CXX_LANGUAGE_STANDARD = "gnu++20";
				CLANG_ENABLE_MODULES = YES;
				CLANG_ENABLE_OBJC_ARC = YES;
				CLANG_ENABLE_OBJC_WEAK = YES;
				CLANG_WARN_BLOCK_CAPTURE_AUTORELEASING = YES;
				CLANG_WARN_BOOL_CONVERSION = YES;
				CLANG_WARN_COMMA = YES;
				CLANG_WARN_CONSTANT_CONVERSION = YES;
				CLANG_WARN_DEPRECATED_OBJC_IMPLEMENTATIONS = YES;
				CLANG_WARN_DIRECT_OBJC_ISA_USAGE = YES_ERROR;
				CLANG_WARN_DOCUMENTATION_COMMENTS = YES;
				CLANG_WARN_EMPTY_BODY = YES;
				CLANG_WARN_ENUM_CONVERSION = YES;
				CLANG_WARN_INFINITE_RECURSION = YES;
				CLANG_WARN_INT_CONVERSION = YES;
				CLANG_WARN_NON_LITERAL_NULL_CONVERSION = YES;
				CLANG_WARN_OBJC_IMPLICIT_RETAIN_SELF = YES;
				CLANG_WARN_OBJC_LITERAL_CONVERSION = YES;
				CLANG_WARN_OBJC_ROOT_CLASS = YES_ERROR;
				CLANG_WARN_QUOTED_INCLUDE_IN_FRAMEWORK_HEADER = YES;
				CLANG_WARN_RANGE_LOOP_ANALYSIS = YES;
				CLANG_WARN_STRICT_PROTOTYPES = YES;
				CLANG_WARN_SUSPICIOUS_MOVE = YES;
				CLANG_WARN_UNGUARDED_AVAILABILITY = YES_AGGRESSIVE;
				CLANG_WARN_UNREACHABLE_CODE = YES;
				CLANG_WARN__DUPLICATE_METHOD_MATCH = YES;
				COPY_PHASE_STRIP = NO;
				CURRENT_PROJECT_VERSION = 1;
				DEBUG_INFORMATION_FORMAT = "dwarf-with-dsym";
				ENABLE_NS_ASSERTIONS = NO;
				ENABLE_STRICT_OBJC_MSGSEND = YES;
				ENABLE_USER_SCRIPT_SANDBOXING = YES;
				GCC_C_LANGUAGE_STANDARD = gnu17;
				GCC_NO_COMMON_BLOCKS = YES;
				GCC_WARN_64_TO_32_BIT_CONVERSION = YES;
				GCC_WARN_ABOUT_RETURN_TYPE = YES_ERROR;
				GCC_WARN_UNDECLARED_SELECTOR = YES;
				GCC_WARN_UNINITIALIZED_AUTOS = YES_AGGRESSIVE;
				GCC_WARN_UNUSED_FUNCTION = YES;
				GCC_WARN_UNUSED_VARIABLE = YES;
				IPHONEOS_DEPLOYMENT_TARGET = 15.0;
				LOCALIZATION_PREFERS_STRING_CATALOGS = YES;
				MACOSX_DEPLOYMENT_TARGET = 15.0;
				MTL_ENABLE_DEBUG_INFO = NO;
				MTL_FAST_MATH = YES;
				SWIFT_COMPILATION_MODE = wholemodule;
				VERSIONING_SYSTEM = "apple-generic";
				VERSION_INFO_PREFIX = "";
			};
			name = Release;
		};
		0C74D9A42C6F36F500DFC854 /* Debug */ = {
			isa = XCBuildConfiguration;
			buildSettings = {
				ALLOW_TARGET_PLATFORM_SPECIALIZATION = YES;
				BUILD_LIBRARY_FOR_DISTRIBUTION = YES;
				CLANG_ENABLE_MODULES = YES;
				CODE_SIGN_STYLE = Automatic;
				CURRENT_PROJECT_VERSION = 1;
				DEFINES_MODULE = YES;
				DEVELOPMENT_TEAM = 3F3N8USCH4;
				DYLIB_COMPATIBILITY_VERSION = 1;
				DYLIB_CURRENT_VERSION = 1;
				DYLIB_INSTALL_NAME_BASE = "@rpath";
				ENABLE_MODULE_VERIFIER = YES;
				GENERATE_INFOPLIST_FILE = YES;
				INFOPLIST_KEY_NSHumanReadableCopyright = "";
				INSTALL_PATH = "$(LOCAL_LIBRARY_DIR)/Frameworks";
				IPHONEOS_DEPLOYMENT_TARGET = 15.0;
				LD_RUNPATH_SEARCH_PATHS = (
					"@executable_path/Frameworks",
					"@loader_path/Frameworks",
				);
				"LD_RUNPATH_SEARCH_PATHS[sdk=macosx*]" = (
					"@executable_path/../Frameworks",
					"@loader_path/Frameworks",
				);
				MACOSX_DEPLOYMENT_TARGET = 15.0;
				MARKETING_VERSION = 1.0;
				MODULE_VERIFIER_SUPPORTED_LANGUAGES = "objective-c objective-c++";
				MODULE_VERIFIER_SUPPORTED_LANGUAGE_STANDARDS = "gnu17 gnu++20";
				PRODUCT_BUNDLE_IDENTIFIER = com.LiamHsu.SnackBar;
				PRODUCT_NAME = "$(TARGET_NAME:c99extidentifier)";
				SDKROOT = auto;
				SKIP_INSTALL = YES;
				SUPPORTED_PLATFORMS = "iphoneos iphonesimulator";
				SUPPORTS_MACCATALYST = NO;
				SWIFT_EMIT_LOC_STRINGS = YES;
				SWIFT_INSTALL_OBJC_HEADER = NO;
				SWIFT_OPTIMIZATION_LEVEL = "-Onone";
				SWIFT_VERSION = 5.0;
				TARGETED_DEVICE_FAMILY = "1,2";
			};
			name = Debug;
		};
		0C74D9A52C6F36F500DFC854 /* Release */ = {
			isa = XCBuildConfiguration;
			buildSettings = {
				ALLOW_TARGET_PLATFORM_SPECIALIZATION = YES;
				BUILD_LIBRARY_FOR_DISTRIBUTION = YES;
				CLANG_ENABLE_MODULES = YES;
				CODE_SIGN_STYLE = Automatic;
				CURRENT_PROJECT_VERSION = 1;
				DEFINES_MODULE = YES;
				DEVELOPMENT_TEAM = 3F3N8USCH4;
				DYLIB_COMPATIBILITY_VERSION = 1;
				DYLIB_CURRENT_VERSION = 1;
				DYLIB_INSTALL_NAME_BASE = "@rpath";
				ENABLE_MODULE_VERIFIER = YES;
				GENERATE_INFOPLIST_FILE = YES;
				INFOPLIST_KEY_NSHumanReadableCopyright = "";
				INSTALL_PATH = "$(LOCAL_LIBRARY_DIR)/Frameworks";
				IPHONEOS_DEPLOYMENT_TARGET = 15.0;
				LD_RUNPATH_SEARCH_PATHS = (
					"@executable_path/Frameworks",
					"@loader_path/Frameworks",
				);
				"LD_RUNPATH_SEARCH_PATHS[sdk=macosx*]" = (
					"@executable_path/../Frameworks",
					"@loader_path/Frameworks",
				);
				MACOSX_DEPLOYMENT_TARGET = 15.0;
				MARKETING_VERSION = 1.0;
				MODULE_VERIFIER_SUPPORTED_LANGUAGES = "objective-c objective-c++";
				MODULE_VERIFIER_SUPPORTED_LANGUAGE_STANDARDS = "gnu17 gnu++20";
				PRODUCT_BUNDLE_IDENTIFIER = com.LiamHsu.SnackBar;
				PRODUCT_NAME = "$(TARGET_NAME:c99extidentifier)";
				SDKROOT = auto;
				SKIP_INSTALL = YES;
				SUPPORTED_PLATFORMS = "iphoneos iphonesimulator";
				SUPPORTS_MACCATALYST = NO;
				SWIFT_EMIT_LOC_STRINGS = YES;
				SWIFT_INSTALL_OBJC_HEADER = NO;
				SWIFT_VERSION = 5.0;
				TARGETED_DEVICE_FAMILY = "1,2";
			};
			name = Release;
		};
		0C74D9A72C6F36F500DFC854 /* Debug */ = {
			isa = XCBuildConfiguration;
			buildSettings = {
				ALLOW_TARGET_PLATFORM_SPECIALIZATION = YES;
				ALWAYS_EMBED_SWIFT_STANDARD_LIBRARIES = YES;
				CODE_SIGN_STYLE = Automatic;
				CURRENT_PROJECT_VERSION = 1;
				DEVELOPMENT_TEAM = 3F3N8USCH4;
				GENERATE_INFOPLIST_FILE = YES;
				IPHONEOS_DEPLOYMENT_TARGET = 15.0;
				MACOSX_DEPLOYMENT_TARGET = 15.0;
				MARKETING_VERSION = 1.0;
				PRODUCT_BUNDLE_IDENTIFIER = com.LiamHsu.SnackBarTests;
				PRODUCT_NAME = "$(TARGET_NAME)";
				SDKROOT = auto;
				SUPPORTED_PLATFORMS = "iphoneos iphonesimulator macosx";
				SWIFT_EMIT_LOC_STRINGS = NO;
				SWIFT_VERSION = 5.0;
				TARGETED_DEVICE_FAMILY = "1,2";
			};
			name = Debug;
		};
		0C74D9A82C6F36F500DFC854 /* Release */ = {
			isa = XCBuildConfiguration;
			buildSettings = {
				ALLOW_TARGET_PLATFORM_SPECIALIZATION = YES;
				ALWAYS_EMBED_SWIFT_STANDARD_LIBRARIES = YES;
				CODE_SIGN_STYLE = Automatic;
				CURRENT_PROJECT_VERSION = 1;
				DEVELOPMENT_TEAM = 3F3N8USCH4;
				GENERATE_INFOPLIST_FILE = YES;
				IPHONEOS_DEPLOYMENT_TARGET = 15.0;
				MACOSX_DEPLOYMENT_TARGET = 15.0;
				MARKETING_VERSION = 1.0;
				PRODUCT_BUNDLE_IDENTIFIER = com.LiamHsu.SnackBarTests;
				PRODUCT_NAME = "$(TARGET_NAME)";
				SDKROOT = auto;
				SUPPORTED_PLATFORMS = "iphoneos iphonesimulator macosx";
				SWIFT_EMIT_LOC_STRINGS = NO;
				SWIFT_VERSION = 5.0;
				TARGETED_DEVICE_FAMILY = "1,2";
			};
			name = Release;
		};
/* End XCBuildConfiguration section */

/* Begin XCConfigurationList section */
		0C74D98B2C6F36F500DFC854 /* Build configuration list for PBXProject "SnackBar" */ = {
			isa = XCConfigurationList;
			buildConfigurations = (
				0C74D9A12C6F36F500DFC854 /* Debug */,
				0C74D9A22C6F36F500DFC854 /* Release */,
			);
			defaultConfigurationIsVisible = 0;
			defaultConfigurationName = Release;
		};
		0C74D9A32C6F36F500DFC854 /* Build configuration list for PBXNativeTarget "SnackBar" */ = {
			isa = XCConfigurationList;
			buildConfigurations = (
				0C74D9A42C6F36F500DFC854 /* Debug */,
				0C74D9A52C6F36F500DFC854 /* Release */,
			);
			defaultConfigurationIsVisible = 0;
			defaultConfigurationName = Release;
		};
		0C74D9A62C6F36F500DFC854 /* Build configuration list for PBXNativeTarget "SnackBarTests" */ = {
			isa = XCConfigurationList;
			buildConfigurations = (
				0C74D9A72C6F36F500DFC854 /* Debug */,
				0C74D9A82C6F36F500DFC854 /* Release */,
			);
			defaultConfigurationIsVisible = 0;
			defaultConfigurationName = Release;
		};
/* End XCConfigurationList section */
	};
	rootObject = 0C74D9882C6F36F500DFC854 /* Project object */;
}
